<?xml version="1.0" encoding="utf-8"?>
<Project ToolsVersion="4.0" xmlns="http://schemas.microsoft.com/developer/msbuild/2003">
  <ItemGroup>
    <Filter Include="Archivos de origen">
      <UniqueIdentifier>{4FC737F1-C7A5-4376-A066-2A32D752A2FF}</UniqueIdentifier>
      <Extensions>cpp;c;cc;cxx;c++;def;odl;idl;hpj;bat;asm;asmx</Extensions>
    </Filter>
    <Filter Include="Archivos de encabezado">
      <UniqueIdentifier>{93995380-89BD-4b04-88EB-625FBE52EBFB}</UniqueIdentifier>
      <Extensions>h;hh;hpp;hxx;h++;hm;inl;inc;ipp;xsd</Extensions>
    </Filter>
    <Filter Include="Archivos de recursos">
      <UniqueIdentifier>{67DA6AB6-F800-4c08-8B7A-83BB121AAD01}</UniqueIdentifier>
      <Extensions>rc;ico;cur;bmp;dlg;rc2;rct;bin;rgs;gif;jpg;jpeg;jpe;resx;tiff;tif;png;wav;mfcribbon-ms</Extensions>
    </Filter>
    <Filter Include="Archivos de encabezado\goap">
      <UniqueIdentifier>{68a8b97c-8eea-407d-a63c-d5c917bdad90}</UniqueIdentifier>
    </Filter>
    <Filter Include="Archivos de origen\goap">
      <UniqueIdentifier>{e79424cc-0012-48d1-b69b-cc037caa7569}</UniqueIdentifier>
    </Filter>
    <Filter Include="Archivos de encabezado\goap\actions">
      <UniqueIdentifier>{47a8d4bd-eccb-4a19-9e57-797303d0618b}</UniqueIdentifier>
    </Filter>
    <Filter Include="Archivos de encabezado\navigation">
      <UniqueIdentifier>{3afd1832-1495-444c-a72e-b077c40baf87}</UniqueIdentifier>
    </Filter>
    <Filter Include="Archivos de encabezado\utils">
      <UniqueIdentifier>{ddb88a68-9ec8-489a-bdf8-3ca3ca1aa2bd}</UniqueIdentifier>
    </Filter>
    <Filter Include="Archivos de encabezado\utils\fsm">
      <UniqueIdentifier>{e9b54296-8e7b-49e0-a661-c51dd6a59807}</UniqueIdentifier>
    </Filter>
    <Filter Include="Archivos de encabezado\goap\agent">
      <UniqueIdentifier>{73193cdc-ea48-4130-8887-18c8c4520941}</UniqueIdentifier>
    </Filter>
    <Filter Include="Archivos de encabezado\goap\agent\fsm">
      <UniqueIdentifier>{4dfb2ae6-27a4-43ca-a83d-053c310710d2}</UniqueIdentifier>
    </Filter>
    <Filter Include="Archivos de encabezado\goap\agent\fsm\states">
      <UniqueIdentifier>{8301a3b2-b675-47db-97b6-d0c72cf6ec5f}</UniqueIdentifier>
    </Filter>
    <Filter Include="Archivos de encabezado\goap\agent\fsm\transitions">
      <UniqueIdentifier>{745442db-baab-4093-8d6d-a0364737304b}</UniqueIdentifier>
    </Filter>
    <Filter Include="Archivos de encabezado\goap\goals">
      <UniqueIdentifier>{0879d6a7-0438-43c7-a064-815c01d1ff4e}</UniqueIdentifier>
    </Filter>
    <Filter Include="Archivos de origen\goap\goals">
      <UniqueIdentifier>{54d7012f-783b-4d8e-accc-10bc3aefede8}</UniqueIdentifier>
    </Filter>
    <Filter Include="Archivos de origen\goap\actions">
      <UniqueIdentifier>{d249cb74-d90d-47a1-b200-4cfd5ef53469}</UniqueIdentifier>
    </Filter>
    <Filter Include="Archivos de origen\goap\agent">
      <UniqueIdentifier>{25f0ca3d-9dd5-4028-b424-048660c901f2}</UniqueIdentifier>
    </Filter>
    <Filter Include="Archivos de origen\goap\agent\fsm">
      <UniqueIdentifier>{434ed50c-2749-4c18-8d5f-a68a238de3b7}</UniqueIdentifier>
    </Filter>
    <Filter Include="Archivos de origen\goap\agent\fsm\states">
      <UniqueIdentifier>{bbcc6598-d469-4230-9561-fc1ac5f6a3a3}</UniqueIdentifier>
    </Filter>
    <Filter Include="Archivos de origen\goap\agent\fsm\transitions">
      <UniqueIdentifier>{84018dd3-461f-48a3-ba8f-92056cd81962}</UniqueIdentifier>
    </Filter>
    <Filter Include="Archivos de encabezado\goap\predicates">
      <UniqueIdentifier>{671ea003-bd51-4d59-b96b-8446f0dec96a}</UniqueIdentifier>
    </Filter>
    <Filter Include="Archivos de origen\goap\predicates">
      <UniqueIdentifier>{3ba1c6d8-d464-4a83-b1f0-9cca0f556ac0}</UniqueIdentifier>
    </Filter>
  </ItemGroup>
  <ItemGroup>
    <ClInclude Include="framework.h">
      <Filter>Archivos de encabezado</Filter>
    </ClInclude>
    <ClInclude Include="pch.h">
      <Filter>Archivos de encabezado</Filter>
    </ClInclude>
    <ClInclude Include="source\goap\GoapPlanner.h">
      <Filter>Archivos de encabezado\goap</Filter>
    </ClInclude>
    <ClInclude Include="source\goap\BasePredicate.h">
      <Filter>Archivos de encabezado\goap</Filter>
    </ClInclude>
    <ClInclude Include="source\goap\BaseAction.h">
      <Filter>Archivos de encabezado\goap</Filter>
    </ClInclude>
    <ClInclude Include="source\goap\BaseGoal.h">
      <Filter>Archivos de encabezado\goap</Filter>
    </ClInclude>
    <ClInclude Include="source\goap\IAction.h">
      <Filter>Archivos de encabezado\goap</Filter>
    </ClInclude>
    <ClInclude Include="source\goap\IGoal.h">
      <Filter>Archivos de encabezado\goap</Filter>
    </ClInclude>
    <ClInclude Include="source\goap\IPredicate.h">
      <Filter>Archivos de encabezado\goap</Filter>
    </ClInclude>
    <ClInclude Include="source\navigation\INavigationPoint.h">
      <Filter>Archivos de encabezado\navigation</Filter>
    </ClInclude>
    <ClInclude Include="source\utils\fsm\BaseState.h">
      <Filter>Archivos de encabezado\utils\fsm</Filter>
    </ClInclude>
    <ClInclude Include="source\utils\fsm\BaseTransition.h">
      <Filter>Archivos de encabezado\utils\fsm</Filter>
    </ClInclude>
    <ClInclude Include="source\utils\fsm\IState.h">
      <Filter>Archivos de encabezado\utils\fsm</Filter>
    </ClInclude>
    <ClInclude Include="source\utils\fsm\ITransition.h">
      <Filter>Archivos de encabezado\utils\fsm</Filter>
    </ClInclude>
    <ClInclude Include="source\utils\fsm\StatesMachine.h">
      <Filter>Archivos de encabezado\utils\fsm</Filter>
    </ClInclude>
    <ClInclude Include="source\goap\agent\AgentContext.h">
      <Filter>Archivos de encabezado\goap\agent</Filter>
    </ClInclude>
    <ClInclude Include="source\goap\agent\BaseAgent.h">
      <Filter>Archivos de encabezado\goap\agent</Filter>
    </ClInclude>
    <ClInclude Include="source\goap\agent\IAgent.h">
      <Filter>Archivos de encabezado\goap\agent</Filter>
    </ClInclude>
    <ClInclude Include="source\goap\agent\fsm\states\Planning.h">
      <Filter>Archivos de encabezado\goap\agent\fsm\states</Filter>
    </ClInclude>
    <ClInclude Include="source\goap\agent\fsm\states\Processing.h">
      <Filter>Archivos de encabezado\goap\agent\fsm\states</Filter>
    </ClInclude>
    <ClInclude Include="source\goap\agent\fsm\transitions\EnterPlanning.h">
      <Filter>Archivos de encabezado\goap\agent\fsm\transitions</Filter>
    </ClInclude>
    <ClInclude Include="source\goap\agent\fsm\transitions\EnterProcessing.h">
      <Filter>Archivos de encabezado\goap\agent\fsm\transitions</Filter>
    </ClInclude>
    <ClInclude Include="source\goap\GoapTypes.h">
      <Filter>Archivos de encabezado\goap</Filter>
    </ClInclude>
    <ClInclude Include="source\goap\IGoapPlanner.h">
      <Filter>Archivos de encabezado\goap</Filter>
    </ClInclude>
    <ClInclude Include="source\goap\actions\FindPathToAction.h">
      <Filter>Archivos de encabezado\goap\actions</Filter>
    </ClInclude>
    <ClInclude Include="source\goap\actions\FollowPathAction.h">
      <Filter>Archivos de encabezado\goap\actions</Filter>
    </ClInclude>
    <ClInclude Include="source\goap\goals\GoToGoal.h">
      <Filter>Archivos de encabezado\goap\goals</Filter>
    </ClInclude>
    <ClInclude Include="source\goap\predicates\GoToPredicate.h">
      <Filter>Archivos de encabezado\goap\predicates</Filter>
    </ClInclude>
    <ClInclude Include="source\goap\predicates\GoapPredicates.h">
      <Filter>Archivos de encabezado\goap\predicates</Filter>
    </ClInclude>
    <ClInclude Include="source\navigation\INavigationPath.h">
      <Filter>Archivos de encabezado\navigation</Filter>
    </ClInclude>
    <ClInclude Include="source\navigation\INavigationPlanner.h">
      <Filter>Archivos de encabezado\navigation</Filter>
    </ClInclude>
  </ItemGroup>
  <ItemGroup>
    <ClCompile Include="NAI.cpp">
      <Filter>Archivos de origen</Filter>
    </ClCompile>
    <ClCompile Include="pch.cpp">
      <Filter>Archivos de origen</Filter>
    </ClCompile>
    <ClCompile Include="source\goap\GoapPlanner.cpp">
      <Filter>Archivos de origen\goap</Filter>
    </ClCompile>
    <ClCompile Include="source\goap\BasePredicate.cpp">
      <Filter>Archivos de origen\goap</Filter>
    </ClCompile>
    <ClCompile Include="source\goap\BaseAction.cpp">
      <Filter>Archivos de origen\goap</Filter>
    </ClCompile>
    <ClCompile Include="source\goap\BaseGoal.cpp">
      <Filter>Archivos de origen\goap</Filter>
    </ClCompile>
    <ClCompile Include="source\goap\agent\AgentContext.cpp">
      <Filter>Archivos de origen\goap\agent</Filter>
    </ClCompile>
    <ClCompile Include="source\goap\agent\BaseAgent.cpp">
      <Filter>Archivos de origen\goap\agent</Filter>
    </ClCompile>
    <ClCompile Include="source\goap\agent\fsm\states\Planning.cpp">
      <Filter>Archivos de origen\goap\agent\fsm\states</Filter>
    </ClCompile>
    <ClCompile Include="source\goap\agent\fsm\states\Processing.cpp">
      <Filter>Archivos de origen\goap\agent\fsm\states</Filter>
    </ClCompile>
    <ClCompile Include="source\goap\agent\fsm\transitions\EnterPlanning.cpp">
      <Filter>Archivos de origen\goap\agent\fsm\transitions</Filter>
    </ClCompile>
    <ClCompile Include="source\goap\agent\fsm\transitions\EnterProcessing.cpp">
      <Filter>Archivos de origen\goap\agent\fsm\transitions</Filter>
    </ClCompile>
    <ClCompile Include="source\goap\goals\GoToGoal.cpp">
      <Filter>Archivos de origen\goap\goals</Filter>
    </ClCompile>
    <ClCompile Include="source\goap\actions\FindPathToAction.cpp">
      <Filter>Archivos de origen\goap\actions</Filter>
    </ClCompile>
    <ClCompile Include="source\goap\actions\FollowPathAction.cpp">
      <Filter>Archivos de origen\goap\actions</Filter>
    </ClCompile>
    <ClCompile Include="source\goap\predicates\GoToPredicate.cpp">
      <Filter>Archivos de origen\goap\predicates</Filter>
    </ClCompile>
  </ItemGroup>
</Project>